// !$*UTF8*$!
{
	archiveVersion = 1;
	classes = {
	};
	objectVersion = 56;
	objects = {

/* Begin PBXBuildFile section */
		6987E20D2CFF2D8F0033FB2C /* AppDelegate.swift in Sources */ = {isa = PBXBuildFile; fileRef = 6987E20C2CFF2D8F0033FB2C /* AppDelegate.swift */; };
		6987E20F2CFF2D8F0033FB2C /* SceneDelegate.swift in Sources */ = {isa = PBXBuildFile; fileRef = 6987E20E2CFF2D8F0033FB2C /* SceneDelegate.swift */; };
		6987E2112CFF2D8F0033FB2C /* ViewController.swift in Sources */ = {isa = PBXBuildFile; fileRef = 6987E2102CFF2D8F0033FB2C /* ViewController.swift */; };
		6987E2142CFF2D8F0033FB2C /* Base in Resources */ = {isa = PBXBuildFile; fileRef = 6987E2132CFF2D8F0033FB2C /* Base */; };
		6987E2162CFF2D900033FB2C /* Assets.xcassets in Resources */ = {isa = PBXBuildFile; fileRef = 6987E2152CFF2D900033FB2C /* Assets.xcassets */; };
		6987E2192CFF2D900033FB2C /* Base in Resources */ = {isa = PBXBuildFile; fileRef = 6987E2182CFF2D900033FB2C /* Base */; };
		6987E22F2CFF2E090033FB2C /* .gitkeep in Resources */ = {isa = PBXBuildFile; fileRef = 6987E2292CFF2E090033FB2C /* .gitkeep */; };
		6987E2312CFF2E090033FB2C /* ReplaceMe.swift in Sources */ = {isa = PBXBuildFile; fileRef = 6987E22C2CFF2E090033FB2C /* ReplaceMe.swift */; };
		6987E2362CFF2FC60033FB2C /* UIView+Extension.swift in Sources */ = {isa = PBXBuildFile; fileRef = 6987E2342CFF2FC60033FB2C /* UIView+Extension.swift */; };
		6987E2392CFF36240033FB2C /* UIScrollView+Extension.swift in Sources */ = {isa = PBXBuildFile; fileRef = 6987E2382CFF36240033FB2C /* UIScrollView+Extension.swift */; };
		FC2D941317F92C9FDE0506B8 /* Pods_FRCategoriesDemo.framework in Frameworks */ = {isa = PBXBuildFile; fileRef = C14CF37847FD4796BDBF8E2B /* Pods_FRCategoriesDemo.framework */; };
/* End PBXBuildFile section */

/* Begin PBXFileReference section */
		15580B9106BE1AE37E5F9AA1 /* Pods-FRCategoriesDemo.release.xcconfig */ = {isa = PBXFileReference; includeInIndex = 1; lastKnownFileType = text.xcconfig; name = "Pods-FRCategoriesDemo.release.xcconfig"; path = "Target Support Files/Pods-FRCategoriesDemo/Pods-FRCategoriesDemo.release.xcconfig"; sourceTree = "<group>"; };
		6966E4B6EE663B7D8FC3D476 /* Pods-FRCategoriesDemo.debug.xcconfig */ = {isa = PBXFileReference; includeInIndex = 1; lastKnownFileType = text.xcconfig; name = "Pods-FRCategoriesDemo.debug.xcconfig"; path = "Target Support Files/Pods-FRCategoriesDemo/Pods-FRCategoriesDemo.debug.xcconfig"; sourceTree = "<group>"; };
		6987E2092CFF2D8F0033FB2C /* FRCategoriesDemo.app */ = {isa = PBXFileReference; explicitFileType = wrapper.application; includeInIndex = 0; path = FRCategoriesDemo.app; sourceTree = BUILT_PRODUCTS_DIR; };
		6987E20C2CFF2D8F0033FB2C /* AppDelegate.swift */ = {isa = PBXFileReference; lastKnownFileType = sourcecode.swift; path = AppDelegate.swift; sourceTree = "<group>"; };
		6987E20E2CFF2D8F0033FB2C /* SceneDelegate.swift */ = {isa = PBXFileReference; lastKnownFileType = sourcecode.swift; path = SceneDelegate.swift; sourceTree = "<group>"; };
		6987E2102CFF2D8F0033FB2C /* ViewController.swift */ = {isa = PBXFileReference; lastKnownFileType = sourcecode.swift; path = ViewController.swift; sourceTree = "<group>"; };
		6987E2132CFF2D8F0033FB2C /* Base */ = {isa = PBXFileReference; lastKnownFileType = file.storyboard; name = Base; path = Base.lproj/Main.storyboard; sourceTree = "<group>"; };
		6987E2152CFF2D900033FB2C /* Assets.xcassets */ = {isa = PBXFileReference; lastKnownFileType = folder.assetcatalog; path = Assets.xcassets; sourceTree = "<group>"; };
		6987E2182CFF2D900033FB2C /* Base */ = {isa = PBXFileReference; lastKnownFileType = file.storyboard; name = Base; path = Base.lproj/LaunchScreen.storyboard; sourceTree = "<group>"; };
		6987E21A2CFF2D900033FB2C /* Info.plist */ = {isa = PBXFileReference; lastKnownFileType = text.plist.xml; path = Info.plist; sourceTree = "<group>"; };
		6987E2292CFF2E090033FB2C /* .gitkeep */ = {isa = PBXFileReference; fileEncoding = 4; lastKnownFileType = text; path = .gitkeep; sourceTree = "<group>"; };
		6987E22C2CFF2E090033FB2C /* ReplaceMe.swift */ = {isa = PBXFileReference; fileEncoding = 4; lastKnownFileType = sourcecode.swift; path = ReplaceMe.swift; sourceTree = "<group>"; };
		6987E2342CFF2FC60033FB2C /* UIView+Extension.swift */ = {isa = PBXFileReference; fileEncoding = 4; lastKnownFileType = sourcecode.swift; path = "UIView+Extension.swift"; sourceTree = "<group>"; };
		6987E2382CFF36240033FB2C /* UIScrollView+Extension.swift */ = {isa = PBXFileReference; lastKnownFileType = sourcecode.swift; path = "UIScrollView+Extension.swift"; sourceTree = "<group>"; };
		C14CF37847FD4796BDBF8E2B /* Pods_FRCategoriesDemo.framework */ = {isa = PBXFileReference; explicitFileType = wrapper.framework; includeInIndex = 0; path = Pods_FRCategoriesDemo.framework; sourceTree = BUILT_PRODUCTS_DIR; };
/* End PBXFileReference section */

/* Begin PBXFrameworksBuildPhase section */
		6987E2062CFF2D8F0033FB2C /* Frameworks */ = {
			isa = PBXFrameworksBuildPhase;
			buildActionMask = 2147483647;
			files = (
				FC2D941317F92C9FDE0506B8 /* Pods_FRCategoriesDemo.framework in Frameworks */,
			);
			runOnlyForDeploymentPostprocessing = 0;
		};
/* End PBXFrameworksBuildPhase section */

/* Begin PBXGroup section */
		4D332F6E14004AD078031043 /* Pods */ = {
			isa = PBXGroup;
			children = (
				6966E4B6EE663B7D8FC3D476 /* Pods-FRCategoriesDemo.debug.xcconfig */,
				15580B9106BE1AE37E5F9AA1 /* Pods-FRCategoriesDemo.release.xcconfig */,
			);
			path = Pods;
			sourceTree = "<group>";
		};
		6987E2002CFF2D8F0033FB2C = {
			isa = PBXGroup;
			children = (
				6987E20B2CFF2D8F0033FB2C /* FRCategoriesDemo */,
				6987E20A2CFF2D8F0033FB2C /* Products */,
				4D332F6E14004AD078031043 /* Pods */,
				B326B0A06FD5A3AFCFBD484F /* Frameworks */,
			);
			sourceTree = "<group>";
		};
		6987E20A2CFF2D8F0033FB2C /* Products */ = {
			isa = PBXGroup;
			children = (
				6987E2092CFF2D8F0033FB2C /* FRCategoriesDemo.app */,
			);
			name = Products;
			sourceTree = "<group>";
		};
		6987E20B2CFF2D8F0033FB2C /* FRCategoriesDemo */ = {
			isa = PBXGroup;
			children = (
				6987E22E2CFF2E090033FB2C /* FRCategories */,
				6987E20C2CFF2D8F0033FB2C /* AppDelegate.swift */,
				6987E20E2CFF2D8F0033FB2C /* SceneDelegate.swift */,
				6987E2102CFF2D8F0033FB2C /* ViewController.swift */,
				6987E2122CFF2D8F0033FB2C /* Main.storyboard */,
				6987E2152CFF2D900033FB2C /* Assets.xcassets */,
				6987E2172CFF2D900033FB2C /* LaunchScreen.storyboard */,
				6987E21A2CFF2D900033FB2C /* Info.plist */,
			);
			path = FRCategoriesDemo;
			sourceTree = "<group>";
		};
		6987E22A2CFF2E090033FB2C /* Assets */ = {
			isa = PBXGroup;
			children = (
				6987E2292CFF2E090033FB2C /* .gitkeep */,
			);
			path = Assets;
			sourceTree = "<group>";
		};
		6987E22D2CFF2E090033FB2C /* Classes */ = {
			isa = PBXGroup;
			children = (
				6987E2332CFF2FAB0033FB2C /* Foundation */,
				6987E2322CFF2FA10033FB2C /* UIKit */,
				6987E22C2CFF2E090033FB2C /* ReplaceMe.swift */,
			);
			path = Classes;
			sourceTree = "<group>";
		};
		6987E22E2CFF2E090033FB2C /* FRCategories */ = {
			isa = PBXGroup;
			children = (
				6987E22A2CFF2E090033FB2C /* Assets */,
				6987E22D2CFF2E090033FB2C /* Classes */,
			);
			name = FRCategories;
			path = ../../FRCategories;
			sourceTree = "<group>";
		};
		6987E2322CFF2FA10033FB2C /* UIKit */ = {
			isa = PBXGroup;
			children = (
				6987E2342CFF2FC60033FB2C /* UIView+Extension.swift */,
				6987E2382CFF36240033FB2C /* UIScrollView+Extension.swift */,
			);
			path = UIKit;
			sourceTree = "<group>";
		};
		6987E2332CFF2FAB0033FB2C /* Foundation */ = {
			isa = PBXGroup;
			children = (
			);
			path = Foundation;
			sourceTree = "<group>";
		};
		B326B0A06FD5A3AFCFBD484F /* Frameworks */ = {
			isa = PBXGroup;
			children = (
				C14CF37847FD4796BDBF8E2B /* Pods_FRCategoriesDemo.framework */,
			);
			name = Frameworks;
			sourceTree = "<group>";
		};
/* End PBXGroup section */

/* Begin PBXNativeTarget section */
		6987E2082CFF2D8F0033FB2C /* FRCategoriesDemo */ = {
			isa = PBXNativeTarget;
			buildConfigurationList = 6987E21D2CFF2D900033FB2C /* Build configuration list for PBXNativeTarget "FRCategoriesDemo" */;
			buildPhases = (
				E783A0A5EB57FD061FE4D92F /* [CP] Check Pods Manifest.lock */,
				6987E2052CFF2D8F0033FB2C /* Sources */,
				6987E2062CFF2D8F0033FB2C /* Frameworks */,
				6987E2072CFF2D8F0033FB2C /* Resources */,
			);
			buildRules = (
			);
			dependencies = (
			);
			name = FRCategoriesDemo;
			productName = FRCategoriesDemo;
			productReference = 6987E2092CFF2D8F0033FB2C /* FRCategoriesDemo.app */;
			productType = "com.apple.product-type.application";
		};
/* End PBXNativeTarget section */

/* Begin PBXProject section */
		6987E2012CFF2D8F0033FB2C /* Project object */ = {
			isa = PBXProject;
			attributes = {
				BuildIndependentTargetsInParallel = 1;
				LastSwiftUpdateCheck = 1530;
				LastUpgradeCheck = 1530;
				TargetAttributes = {
					6987E2082CFF2D8F0033FB2C = {
						CreatedOnToolsVersion = 15.3;
					};
				};
			};
			buildConfigurationList = 6987E2042CFF2D8F0033FB2C /* Build configuration list for PBXProject "FRCategoriesDemo" */;
			compatibilityVersion = "Xcode 14.0";
			developmentRegion = en;
			hasScannedForEncodings = 0;
			knownRegions = (
				en,
				Base,
			);
			mainGroup = 6987E2002CFF2D8F0033FB2C;
			productRefGroup = 6987E20A2CFF2D8F0033FB2C /* Products */;
			projectDirPath = "";
			projectRoot = "";
			targets = (
				6987E2082CFF2D8F0033FB2C /* FRCategoriesDemo */,
			);
		};
/* End PBXProject section */

/* Begin PBXResourcesBuildPhase section */
		6987E2072CFF2D8F0033FB2C /* Resources */ = {
			isa = PBXResourcesBuildPhase;
			buildActionMask = 2147483647;
			files = (
				6987E2162CFF2D900033FB2C /* Assets.xcassets in Resources */,
				6987E2192CFF2D900033FB2C /* Base in Resources */,
				6987E2142CFF2D8F0033FB2C /* Base in Resources */,
				6987E22F2CFF2E090033FB2C /* .gitkeep in Resources */,
			);
			runOnlyForDeploymentPostprocessing = 0;
		};
/* End PBXResourcesBuildPhase section */

/* Begin PBXShellScriptBuildPhase section */
		E783A0A5EB57FD061FE4D92F /* [CP] Check Pods Manifest.lock */ = {
			isa = PBXShellScriptBuildPhase;
			buildActionMask = 2147483647;
			files = (
			);
			inputFileListPaths = (
			);
			inputPaths = (
				"${PODS_PODFILE_DIR_PATH}/Podfile.lock",
				"${PODS_ROOT}/Manifest.lock",
			);
			name = "[CP] Check Pods Manifest.lock";
			outputFileListPaths = (
			);
			outputPaths = (
				"$(DERIVED_FILE_DIR)/Pods-FRCategoriesDemo-checkManifestLockResult.txt",
			);
			runOnlyForDeploymentPostprocessing = 0;
			shellPath = /bin/sh;
			shellScript = "diff \"${PODS_PODFILE_DIR_PATH}/Podfile.lock\" \"${PODS_ROOT}/Manifest.lock\" > /dev/null\nif [ $? != 0 ] ; then\n    # print error to STDERR\n    echo \"error: The sandbox is not in sync with the Podfile.lock. Run 'pod install' or update your CocoaPods installation.\" >&2\n    exit 1\nfi\n# This output is used by Xcode 'outputs' to avoid re-running this script phase.\necho \"SUCCESS\" > \"${SCRIPT_OUTPUT_FILE_0}\"\n";
			showEnvVarsInLog = 0;
		};
/* End PBXShellScriptBuildPhase section */

/* Begin PBXSourcesBuildPhase section */
		6987E2052CFF2D8F0033FB2C /* Sources */ = {
			isa = PBXSourcesBuildPhase;
			buildActionMask = 2147483647;
			files = (
				6987E2312CFF2E090033FB2C /* ReplaceMe.swift in Sources */,
				6987E2392CFF36240033FB2C /* UIScrollView+Extension.swift in Sources */,
				6987E2112CFF2D8F0033FB2C /* ViewController.swift in Sources */,
				6987E20D2CFF2D8F0033FB2C /* AppDelegate.swift in Sources */,
				6987E2362CFF2FC60033FB2C /* UIView+Extension.swift in Sources */,
				6987E20F2CFF2D8F0033FB2C /* SceneDelegate.swift in Sources */,
			);
			runOnlyForDeploymentPostprocessing = 0;
		};
/* End PBXSourcesBuildPhase section */

/* Begin PBXVariantGroup section */
		6987E2122CFF2D8F0033FB2C /* Main.storyboard */ = {
			isa = PBXVariantGroup;
			children = (
				6987E2132CFF2D8F0033FB2C /* Base */,
			);
			name = Main.storyboard;
			sourceTree = "<group>";
		};
		6987E2172CFF2D900033FB2C /* LaunchScreen.storyboard */ = {
			isa = PBXVariantGroup;
			children = (
				6987E2182CFF2D900033FB2C /* Base */,
			);
			name = LaunchScreen.storyboard;
			sourceTree = "<group>";
		};
/* End PBXVariantGroup section */

/* Begin XCBuildConfiguration section */
		6987E21B2CFF2D900033FB2C /* Debug */ = {
			isa = XCBuildConfiguration;
			buildSettings = {
				ALWAYS_SEARCH_USER_PATHS = NO;
				ASSETCATALOG_COMPILER_GENERATE_SWIFT_ASSET_SYMBOL_EXTENSIONS = YES;
				CLANG_ANALYZER_NONNULL = YES;
				CLANG_ANALYZER_NUMBER_OBJECT_CONVERSION = YES_AGGRESSIVE;
				CLANG_CXX_LANGUAGE_STANDARD = "gnu++20";
				CLANG_ENABLE_MODULES = YES;
				CLANG_ENABLE_OBJC_ARC = YES;
				CLANG_ENABLE_OBJC_WEAK = YES;
				CLANG_WARN_BLOCK_CAPTURE_AUTORELEASING = YES;
				CLANG_WARN_BOOL_CONVERSION = YES;
				CLANG_WARN_COMMA = YES;
				CLANG_WARN_CONSTANT_CONVERSION = YES;
				CLANG_WARN_DEPRECATED_OBJC_IMPLEMENTATIONS = YES;
				CLANG_WARN_DIRECT_OBJC_ISA_USAGE = YES_ERROR;
				CLANG_WARN_DOCUMENTATION_COMMENTS = YES;
				CLANG_WARN_EMPTY_BODY = YES;
				CLANG_WARN_ENUM_CONVERSION = YES;
				CLANG_WARN_INFINITE_RECURSION = YES;
				CLANG_WARN_INT_CONVERSION = YES;
				CLANG_WARN_NON_LITERAL_NULL_CONVERSION = YES;
				CLANG_WARN_OBJC_IMPLICIT_RETAIN_SELF = YES;
				CLANG_WARN_OBJC_LITERAL_CONVERSION = YES;
				CLANG_WARN_OBJC_ROOT_CLASS = YES_ERROR;
				CLANG_WARN_QUOTED_INCLUDE_IN_FRAMEWORK_HEADER = YES;
				CLANG_WARN_RANGE_LOOP_ANALYSIS = YES;
				CLANG_WARN_STRICT_PROTOTYPES = YES;
				CLANG_WARN_SUSPICIOUS_MOVE = YES;
				CLANG_WARN_UNGUARDED_AVAILABILITY = YES_AGGRESSIVE;
				CLANG_WARN_UNREACHABLE_CODE = YES;
				CLANG_WARN__DUPLICATE_METHOD_MATCH = YES;
				COPY_PHASE_STRIP = NO;
				DEBUG_INFORMATION_FORMAT = dwarf;
				ENABLE_STRICT_OBJC_MSGSEND = YES;
				ENABLE_TESTABILITY = YES;
				ENABLE_USER_SCRIPT_SANDBOXING = YES;
				GCC_C_LANGUAGE_STANDARD = gnu17;
				GCC_DYNAMIC_NO_PIC = NO;
				GCC_NO_COMMON_BLOCKS = YES;
				GCC_OPTIMIZATION_LEVEL = 0;
				GCC_PREPROCESSOR_DEFINITIONS = (
					"DEBUG=1",
					"$(inherited)",
				);
				GCC_WARN_64_TO_32_BIT_CONVERSION = YES;
				GCC_WARN_ABOUT_RETURN_TYPE = YES_ERROR;
				GCC_WARN_UNDECLARED_SELECTOR = YES;
				GCC_WARN_UNINITIALIZED_AUTOS = YES_AGGRESSIVE;
				GCC_WARN_UNUSED_FUNCTION = YES;
				GCC_WARN_UNUSED_VARIABLE = YES;
				IPHONEOS_DEPLOYMENT_TARGET = 17.4;
				LOCALIZATION_PREFERS_STRING_CATALOGS = YES;
				MTL_ENABLE_DEBUG_INFO = INCLUDE_SOURCE;
				MTL_FAST_MATH = YES;
				ONLY_ACTIVE_ARCH = YES;
				SDKROOT = iphoneos;
				SWIFT_ACTIVE_COMPILATION_CONDITIONS = "DEBUG $(inherited)";
				SWIFT_OPTIMIZATION_LEVEL = "-Onone";
			};
			name = Debug;
		};
		6987E21C2CFF2D900033FB2C /* Release */ = {
			isa = XCBuildConfiguration;
			buildSettings = {
				ALWAYS_SEARCH_USER_PATHS = NO;
				ASSETCATALOG_COMPILER_GENERATE_SWIFT_ASSET_SYMBOL_EXTENSIONS = YES;
				CLANG_ANALYZER_NONNULL = YES;
				CLANG_ANALYZER_NUMBER_OBJECT_CONVERSION = YES_AGGRESSIVE;
				CLANG_CXX_LANGUAGE_STANDARD = "gnu++20";
				CLANG_ENABLE_MODULES = YES;
				CLANG_ENABLE_OBJC_ARC = YES;
				CLANG_ENABLE_OBJC_WEAK = YES;
				CLANG_WARN_BLOCK_CAPTURE_AUTORELEASING = YES;
				CLANG_WARN_BOOL_CONVERSION = YES;
				CLANG_WARN_COMMA = YES;
				CLANG_WARN_CONSTANT_CONVERSION = YES;
				CLANG_WARN_DEPRECATED_OBJC_IMPLEMENTATIONS = YES;
				CLANG_WARN_DIRECT_OBJC_ISA_USAGE = YES_ERROR;
				CLANG_WARN_DOCUMENTATION_COMMENTS = YES;
				CLANG_WARN_EMPTY_BODY = YES;
				CLANG_WARN_ENUM_CONVERSION = YES;
				CLANG_WARN_INFINITE_RECURSION = YES;
				CLANG_WARN_INT_CONVERSION = YES;
				CLANG_WARN_NON_LITERAL_NULL_CONVERSION = YES;
				CLANG_WARN_OBJC_IMPLICIT_RETAIN_SELF = YES;
				CLANG_WARN_OBJC_LITERAL_CONVERSION = YES;
				CLANG_WARN_OBJC_ROOT_CLASS = YES_ERROR;
				CLANG_WARN_QUOTED_INCLUDE_IN_FRAMEWORK_HEADER = YES;
				CLANG_WARN_RANGE_LOOP_ANALYSIS = YES;
				CLANG_WARN_STRICT_PROTOTYPES = YES;
				CLANG_WARN_SUSPICIOUS_MOVE = YES;
				CLANG_WARN_UNGUARDED_AVAILABILITY = YES_AGGRESSIVE;
				CLANG_WARN_UNREACHABLE_CODE = YES;
				CLANG_WARN__DUPLICATE_METHOD_MATCH = YES;
				COPY_PHASE_STRIP = NO;
				DEBUG_INFORMATION_FORMAT = "dwarf-with-dsym";
				ENABLE_NS_ASSERTIONS = NO;
				ENABLE_STRICT_OBJC_MSGSEND = YES;
				ENABLE_USER_SCRIPT_SANDBOXING = YES;
				GCC_C_LANGUAGE_STANDARD = gnu17;
				GCC_NO_COMMON_BLOCKS = YES;
				GCC_WARN_64_TO_32_BIT_CONVERSION = YES;
				GCC_WARN_ABOUT_RETURN_TYPE = YES_ERROR;
				GCC_WARN_UNDECLARED_SELECTOR = YES;
				GCC_WARN_UNINITIALIZED_AUTOS = YES_AGGRESSIVE;
				GCC_WARN_UNUSED_FUNCTION = YES;
				GCC_WARN_UNUSED_VARIABLE = YES;
				IPHONEOS_DEPLOYMENT_TARGET = 17.4;
				LOCALIZATION_PREFERS_STRING_CATALOGS = YES;
				MTL_ENABLE_DEBUG_INFO = NO;
				MTL_FAST_MATH = YES;
				SDKROOT = iphoneos;
				SWIFT_COMPILATION_MODE = wholemodule;
				VALIDATE_PRODUCT = YES;
			};
			name = Release;
		};
		6987E21E2CFF2D900033FB2C /* Debug */ = {
			isa = XCBuildConfiguration;
			baseConfigurationReference = 6966E4B6EE663B7D8FC3D476 /* Pods-FRCategoriesDemo.debug.xcconfig */;
			buildSettings = {
				ASSETCATALOG_COMPILER_APPICON_NAME = AppIcon;
				ASSETCATALOG_COMPILER_GLOBAL_ACCENT_COLOR_NAME = AccentColor;
				CODE_SIGN_STYLE = Automatic;
				CURRENT_PROJECT_VERSION = 1;
				DEVELOPMENT_TEAM = "";
				GENERATE_INFOPLIST_FILE = YES;
				INFOPLIST_FILE = FRCategoriesDemo/Info.plist;
				INFOPLIST_KEY_UIApplicationSupportsIndirectInputEvents = YES;
				INFOPLIST_KEY_UILaunchStoryboardName = LaunchScreen;
				INFOPLIST_KEY_UIMainStoryboardFile = Main;
				INFOPLIST_KEY_UISupportedInterfaceOrientations_iPad = "UIInterfaceOrientationPortrait UIInterfaceOrientationPortraitUpsideDown UIInterfaceOrientationLandscapeLeft UIInterfaceOrientationLandscapeRight";
				INFOPLIST_KEY_UISupportedInterfaceOrientations_iPhone = "UIInterfaceOrientationPortrait UIInterfaceOrientationLandscapeLeft UIInterfaceOrientationLandscapeRight";
				IPHONEOS_DEPLOYMENT_TARGET = 13.0;
				LD_RUNPATH_SEARCH_PATHS = (
					"$(inherited)",
					"@executable_path/Frameworks",
				);
				MARKETING_VERSION = 1.0;
				PRODUCT_BUNDLE_IDENTIFIER = com.example.frcategories;
				PRODUCT_NAME = "$(TARGET_NAME)";
				SWIFT_EMIT_LOC_STRINGS = YES;
				SWIFT_VERSION = 5.0;
				TARGETED_DEVICE_FAMILY = "1,2";
			};
			name = Debug;
		};
		6987E21F2CFF2D900033FB2C /* Release */ = {
			isa = XCBuildConfiguration;
			baseConfigurationReference = 15580B9106BE1AE37E5F9AA1 /* Pods-FRCategoriesDemo.release.xcconfig */;
			buildSettings = {
				ASSETCATALOG_COMPILER_APPICON_NAME = AppIcon;
				ASSETCATALOG_COMPILER_GLOBAL_ACCENT_COLOR_NAME = AccentColor;
				CODE_SIGN_STYLE = Automatic;
				CURRENT_PROJECT_VERSION = 1;
				DEVELOPMENT_TEAM = "";
				GENERATE_INFOPLIST_FILE = YES;
				INFOPLIST_FILE = FRCategoriesDemo/Info.plist;
				INFOPLIST_KEY_UIApplicationSupportsIndirectInputEvents = YES;
				INFOPLIST_KEY_UILaunchStoryboardName = LaunchScreen;
				INFOPLIST_KEY_UIMainStoryboardFile = Main;
				INFOPLIST_KEY_UISupportedInterfaceOrientations_iPad = "UIInterfaceOrientationPortrait UIInterfaceOrientationPortraitUpsideDown UIInterfaceOrientationLandscapeLeft UIInterfaceOrientationLandscapeRight";
				INFOPLIST_KEY_UISupportedInterfaceOrientations_iPhone = "UIInterfaceOrientationPortrait UIInterfaceOrientationLandscapeLeft UIInterfaceOrientationLandscapeRight";
				IPHONEOS_DEPLOYMENT_TARGET = 13.0;
				LD_RUNPATH_SEARCH_PATHS = (
					"$(inherited)",
					"@executable_path/Frameworks",
				);
				MARKETING_VERSION = 1.0;
				PRODUCT_BUNDLE_IDENTIFIER = com.example.frcategories;
				PRODUCT_NAME = "$(TARGET_NAME)";
				SWIFT_EMIT_LOC_STRINGS = YES;
				SWIFT_VERSION = 5.0;
				TARGETED_DEVICE_FAMILY = "1,2";
			};
			name = Release;
		};
/* End XCBuildConfiguration section */

/* Begin XCConfigurationList section */
		6987E2042CFF2D8F0033FB2C /* Build configuration list for PBXProject "FRCategoriesDemo" */ = {
			isa = XCConfigurationList;
			buildConfigurations = (
				6987E21B2CFF2D900033FB2C /* Debug */,
				6987E21C2CFF2D900033FB2C /* Release */,
			);
			defaultConfigurationIsVisible = 0;
			defaultConfigurationName = Release;
		};
		6987E21D2CFF2D900033FB2C /* Build configuration list for PBXNativeTarget "FRCategoriesDemo" */ = {
			isa = XCConfigurationList;
			buildConfigurations = (
				6987E21E2CFF2D900033FB2C /* Debug */,
				6987E21F2CFF2D900033FB2C /* Release */,
			);
			defaultConfigurationIsVisible = 0;
			defaultConfigurationName = Release;
		};
/* End XCConfigurationList section */
	};
	rootObject = 6987E2012CFF2D8F0033FB2C /* Project object */;
}
